
Microsoft Visual Studio Solution File, Format Version 12.00
# Visual Studio Version 17
VisualStudioVersion = 17.3.32804.467
MinimumVisualStudioVersion = 10.0.40219.1
Project("{9A19103F-16F7-4668-BE54-9A1E7A4F7556}") = "APIQuestionnaire", "APIQuestionnaire\APIQuestionnaire.csproj", "{A9FDEEBF-11C1-4505-8331-AF7124E36E76}"
EndProject
Project("{FAE04EC0-301F-11D3-BF4B-00C04F79EFBC}") = "APIQuestionnaire.Test", "APIQuestionnaire.Test\APIQuestionnaire.Test.csproj", "{D4947B88-FC42-4A12-B489-DB57397EB249}"
EndProject
Global
	GlobalSection(SolutionConfigurationPlatforms) = preSolution
		Debug|Any CPU = Debug|Any CPU
		Release|Any CPU = Release|Any CPU
	EndGlobalSection
	GlobalSection(ProjectConfigurationPlatforms) = postSolution
		{A9FDEEBF-11C1-4505-8331-AF7124E36E76}.Debug|Any CPU.ActiveCfg = Debug|Any CPU
		{A9FDEEBF-11C1-4505-8331-AF7124E36E76}.Debug|Any CPU.Build.0 = Debug|Any CPU
		{A9FDEEBF-11C1-4505-8331-AF7124E36E76}.Release|Any CPU.ActiveCfg = Release|Any CPU
		{A9FDEEBF-11C1-4505-8331-AF7124E36E76}.Release|Any CPU.Build.0 = Release|Any CPU
		{D4947B88-FC42-4A12-B489-DB57397EB249}.Debug|Any CPU.ActiveCfg = Debug|Any CPU
		{D4947B88-FC42-4A12-B489-DB57397EB249}.Debug|Any CPU.Build.0 = Debug|Any CPU
		{D4947B88-FC42-4A12-B489-DB57397EB249}.Release|Any CPU.ActiveCfg = Release|Any CPU
		{D4947B88-FC42-4A12-B489-DB57397EB249}.Release|Any CPU.Build.0 = Release|Any CPU
	EndGlobalSection
	GlobalSection(SolutionProperties) = preSolution
		HideSolutionNode = FALSE
	EndGlobalSection
	GlobalSection(ExtensibilityGlobals) = postSolution
		SolutionGuid = {84C223DE-609D-44EC-995F-AFD8C0C49040}
	EndGlobalSection
EndGlobal
